PODS:
  - CDAlertView (0.9.1)
  - CocoaLumberjack (3.4.2):
    - CocoaLumberjack/Default (= 3.4.2)
    - CocoaLumberjack/Extensions (= 3.4.2)
  - CocoaLumberjack/Default (3.4.2)
  - CocoaLumberjack/Extensions (3.4.2):
    - CocoaLumberjack/Default
  - fluid-slider (1.0.0):
    - pop
  - IBAnimatable (5.2.1)
  - Material (2.16.4):
    - Material/Core (= 2.16.4)
  - Material/Core (2.16.4):
    - Motion (~> 1.4.3)
  - Motion (1.4.3):
    - Motion/Core (= 1.4.3)
  - Motion/Core (1.4.3)
  - paper-onboarding (5.0.0)
  - pop (1.0.12)
  - Realm (3.12.0):
    - Realm/Headers (= 3.12.0)
  - Realm/Headers (3.12.0)
  - RealmSwift (3.12.0):
    - Realm (= 3.12.0)
  - SVGKit (2.1.0):
    - CocoaLumberjack (~> 3.0)

DEPENDENCIES:
  - CDAlertView
  - fluid-slider
  - IBAnimatable (~> 5.0)
  - Material
  - paper-onboarding
  - RealmSwift
  - SVGKit

SPEC REPOS:
  https://github.com/cocoapods/specs.git:
    - CDAlertView
    - CocoaLumberjack
    - fluid-slider
    - IBAnimatable
    - Material
    - Motion
    - paper-onboarding
    - pop
    - Realm
    - RealmSwift
    - SVGKit

SPEC CHECKSUMS:
  CDAlertView: 89450acbd8d882868f2fc4ec6d2b6f128710c779
  CocoaLumberjack: db7cc9e464771f12054c22ff6947c5a58d43a0fd
  fluid-slider: a19a991606a34a545cba9341e7422073b4ec3a66
  IBAnimatable: a46b835ec6875178516cf7e014a40194d6bfa3fc
  Material: 4ed78690b09ffd148b5ffab6b4367fb1d8da1cd3
  Motion: 153ba49692997888556c7a95207278a8b1f8be95
  paper-onboarding: a2e3a710fd27ac0b5635ec5490660e7ec09289b5
  pop: d582054913807fd11fd50bfe6a539d91c7e1a55a
  Realm: cdaef23c4ddb36ab1ddffed23f5a7f3332fc5585
  RealmSwift: 5576324033f0aa5ef1e0a839a3da2281dff47a7f
  SVGKit: 8a2fc74258bdb2abb54d3b65f3dd68b0277a9c4d

PODFILE CHECKSUM: b6a3bedd1bff652cc1cb5f07ac27915333dcce81

COCOAPODS: 1.5.3
