PODS:
  - CDAlertView (0.9.1)
  - CocoaLumberjack (3.4.2):
    - CocoaLumberjack/Default (= 3.4.2)
    - CocoaLumberjack/Extensions (= 3.4.2)
  - CocoaLumberjack/Default (3.4.2)
  - CocoaLumberjack/Extensions (3.4.2):
    - CocoaLumberjack/Default
  - fluid-slider (1.0.0):
    - pop
  - IBAnimatable (5.2.1)
  - lottie-ios (2.5.2)
  - LTMorphingLabel (0.5.9)
  - Material (2.16.4):
    - Material/Core (= 2.16.4)
  - Material/Core (2.16.4):
    - Motion (~> 1.4.3)
  - Motion (1.4.3):
    - Motion/Core (= 1.4.3)
  - Motion/Core (1.4.3)
  - NumPad (3.0.1)
  - paper-onboarding (5.0.0)
  - pop (1.0.12)
  - Realm (3.13.0):
    - Realm/Headers (= 3.13.0)
  - Realm/Headers (3.13.0)
  - RealmSwift (3.13.0):
    - Realm (= 3.13.0)
  - RxAtomic (4.4.0)
  - RxCocoa (4.4.0):
    - RxSwift (~> 4.0)
  - RxSwift (4.4.0):
    - RxAtomic (~> 4.4)
  - SVGKit (2.1.0):
    - CocoaLumberjack (~> 3.0)

DEPENDENCIES:
  - CDAlertView
  - fluid-slider
  - IBAnimatable (~> 5.0)
  - lottie-ios
  - LTMorphingLabel
  - Material
  - NumPad
  - paper-onboarding
  - RealmSwift
  - RxCocoa (~> 4.0)
  - RxSwift (~> 4.0)
  - SVGKit

SPEC REPOS:
  https://github.com/cocoapods/specs.git:
    - CDAlertView
    - CocoaLumberjack
    - fluid-slider
    - IBAnimatable
    - lottie-ios
    - LTMorphingLabel
    - Material
    - Motion
    - NumPad
    - paper-onboarding
    - pop
    - Realm
    - RealmSwift
    - RxAtomic
    - RxCocoa
    - RxSwift
    - SVGKit

SPEC CHECKSUMS:
  CDAlertView: 89450acbd8d882868f2fc4ec6d2b6f128710c779
  CocoaLumberjack: db7cc9e464771f12054c22ff6947c5a58d43a0fd
  fluid-slider: a19a991606a34a545cba9341e7422073b4ec3a66
  IBAnimatable: a46b835ec6875178516cf7e014a40194d6bfa3fc
  lottie-ios: 3fef45d3fabe63e3c7c2eb603dd64ddfffc73062
  LTMorphingLabel: e6047354486aa4ba52d36ccc40be8874b50e1ef1
  Material: 4ed78690b09ffd148b5ffab6b4367fb1d8da1cd3
  Motion: 153ba49692997888556c7a95207278a8b1f8be95
  NumPad: 4bed9fe05f294bd7ba5d109f3245d96b38c998f4
  paper-onboarding: a2e3a710fd27ac0b5635ec5490660e7ec09289b5
  pop: d582054913807fd11fd50bfe6a539d91c7e1a55a
  Realm: 5edd2ee65406aef591a4f9895de5a3440e51b3d8
  RealmSwift: be5ebc7930e37cd3376b41cec7f21984528aaa16
  RxAtomic: eacf60db868c96bfd63320e28619fe29c179656f
  RxCocoa: df63ebf7b9a70d6b4eeea407ed5dd4efc8979749
  RxSwift: 5976ecd04fc2fefd648827c23de5e11157faa973
  SVGKit: 8a2fc74258bdb2abb54d3b65f3dd68b0277a9c4d

PODFILE CHECKSUM: 131c9690337895f909355119bb5059c4c137b59b

COCOAPODS: 1.5.3
