// !$*UTF8*$!
{
	archiveVersion = 1;
	classes = {
	};
	objectVersion = 50;
	objects = {

/* Begin PBXBuildFile section */
		8724B4A921D108A800724303 /* calcData.swift in Sources */ = {isa = PBXBuildFile; fileRef = 8724B4A821D108A800724303 /* calcData.swift */; };
		87578D9421CB320800F76F54 /* LaunchView.swift in Sources */ = {isa = PBXBuildFile; fileRef = 87578D9321CB320800F76F54 /* LaunchView.swift */; };
		87B4FD8F21C40ADE00956562 /* calc_icon.svg in Resources */ = {isa = PBXBuildFile; fileRef = 87B4FD8E21C40ADE00956562 /* calc_icon.svg */; };
		87B4FD9121C40D9100956562 /* UIImage.swift in Sources */ = {isa = PBXBuildFile; fileRef = 87B4FD9021C40D9100956562 /* UIImage.swift */; };
		87B4FD9321C49B1900956562 /* grid_icon.svg in Resources */ = {isa = PBXBuildFile; fileRef = 87B4FD9221C49B1900956562 /* grid_icon.svg */; };
		87B4FD9621C4F8D300956562 /* UIButton.swift in Sources */ = {isa = PBXBuildFile; fileRef = 87B4FD9521C4F8D300956562 /* UIButton.swift */; };
		87B4FD9C21C526BE00956562 /* CalcGameViewController.swift in Sources */ = {isa = PBXBuildFile; fileRef = 87B4FD9B21C526BE00956562 /* CalcGameViewController.swift */; };
		87B4FD9E21C526D400956562 /* GridGameViewController.swift in Sources */ = {isa = PBXBuildFile; fileRef = 87B4FD9D21C526D400956562 /* GridGameViewController.swift */; };
		87BC504E21C3230D000B3134 /* AppDelegate.swift in Sources */ = {isa = PBXBuildFile; fileRef = 87BC504D21C3230D000B3134 /* AppDelegate.swift */; };
		87BC505321C3230D000B3134 /* Main.storyboard in Resources */ = {isa = PBXBuildFile; fileRef = 87BC505121C3230D000B3134 /* Main.storyboard */; };
		87BC505521C3230E000B3134 /* Assets.xcassets in Resources */ = {isa = PBXBuildFile; fileRef = 87BC505421C3230E000B3134 /* Assets.xcassets */; };
		87BC505821C3230E000B3134 /* LaunchScreen.storyboard in Resources */ = {isa = PBXBuildFile; fileRef = 87BC505621C3230E000B3134 /* LaunchScreen.storyboard */; };
		87BC506621C323B0000B3134 /* three.min.js in Resources */ = {isa = PBXBuildFile; fileRef = 87BC506121C323AF000B3134 /* three.min.js */; };
		87BC506721C323B0000B3134 /* index.js in Resources */ = {isa = PBXBuildFile; fileRef = 87BC506321C323AF000B3134 /* index.js */; };
		87BC506921C323B0000B3134 /* poly.html in Resources */ = {isa = PBXBuildFile; fileRef = 87BC506521C323B0000B3134 /* poly.html */; };
		87BC506B21C32467000B3134 /* RootViewController.swift in Sources */ = {isa = PBXBuildFile; fileRef = 87BC506A21C32467000B3134 /* RootViewController.swift */; };
		87BC509F21C3D2BA000B3134 /* TutorialViewController.swift in Sources */ = {isa = PBXBuildFile; fileRef = 87BC509E21C3D2BA000B3134 /* TutorialViewController.swift */; };
		87BC50A221C3E225000B3134 /* UIColor.swift in Sources */ = {isa = PBXBuildFile; fileRef = 87BC50A121C3E225000B3134 /* UIColor.swift */; };
		87F7B50721CE4A3D00AA18FF /* NPad.swift in Sources */ = {isa = PBXBuildFile; fileRef = 87F7B50621CE4A3D00AA18FF /* NPad.swift */; };
		87F7B51E21CFA4D500AA18FF /* Localizable.strings in Resources */ = {isa = PBXBuildFile; fileRef = 87F7B51C21CFA4D500AA18FF /* Localizable.strings */; };
		87F7B52121CFA4E200AA18FF /* Localizable.strings in Resources */ = {isa = PBXBuildFile; fileRef = 87F7B51F21CFA4E200AA18FF /* Localizable.strings */; };
		87F7B52821CFE7A600AA18FF /* materialCountDown.json in Resources */ = {isa = PBXBuildFile; fileRef = 87F7B52721CFE7A600AA18FF /* materialCountDown.json */; };
		87F7B53021CFFB0000AA18FF /* dottedLoading.json in Resources */ = {isa = PBXBuildFile; fileRef = 87F7B52F21CFFB0000AA18FF /* dottedLoading.json */; };
		87F7B53221D00C0100AA18FF /* wrong.json in Resources */ = {isa = PBXBuildFile; fileRef = 87F7B53121D00C0100AA18FF /* wrong.json */; };
		87F7B53421D00C2500AA18FF /* correct.json in Resources */ = {isa = PBXBuildFile; fileRef = 87F7B53321D00C2500AA18FF /* correct.json */; };
		87F7B53821D0AE5D00AA18FF /* fabulousLike.json in Resources */ = {isa = PBXBuildFile; fileRef = 87F7B53721D0AE5D00AA18FF /* fabulousLike.json */; };
		87F7B53C21D0B31300AA18FF /* clap.json in Resources */ = {isa = PBXBuildFile; fileRef = 87F7B53B21D0B31300AA18FF /* clap.json */; };
		87F7B53E21D0D67F00AA18FF /* closeX_icon.svg in Resources */ = {isa = PBXBuildFile; fileRef = 87F7B53D21D0D67F00AA18FF /* closeX_icon.svg */; };
		9E03F3860DDAA1DE29B54BE7 /* Pods_nBack.framework in Frameworks */ = {isa = PBXBuildFile; fileRef = 62654F7A64B3DFD1D002597C /* Pods_nBack.framework */; };
/* End PBXBuildFile section */

/* Begin PBXFileReference section */
		16158A49AE9C4DC5D7C342AA /* Pods-nBack.release.xcconfig */ = {isa = PBXFileReference; includeInIndex = 1; lastKnownFileType = text.xcconfig; name = "Pods-nBack.release.xcconfig"; path = "Pods/Target Support Files/Pods-nBack/Pods-nBack.release.xcconfig"; sourceTree = "<group>"; };
		62654F7A64B3DFD1D002597C /* Pods_nBack.framework */ = {isa = PBXFileReference; explicitFileType = wrapper.framework; includeInIndex = 0; path = Pods_nBack.framework; sourceTree = BUILT_PRODUCTS_DIR; };
		8724B4A821D108A800724303 /* calcData.swift */ = {isa = PBXFileReference; lastKnownFileType = sourcecode.swift; path = calcData.swift; sourceTree = "<group>"; };
		87578D9321CB320800F76F54 /* LaunchView.swift */ = {isa = PBXFileReference; lastKnownFileType = sourcecode.swift; path = LaunchView.swift; sourceTree = "<group>"; };
		87B4FD8E21C40ADE00956562 /* calc_icon.svg */ = {isa = PBXFileReference; fileEncoding = 4; lastKnownFileType = text; path = calc_icon.svg; sourceTree = "<group>"; };
		87B4FD9021C40D9100956562 /* UIImage.swift */ = {isa = PBXFileReference; lastKnownFileType = sourcecode.swift; path = UIImage.swift; sourceTree = "<group>"; };
		87B4FD9221C49B1900956562 /* grid_icon.svg */ = {isa = PBXFileReference; fileEncoding = 4; lastKnownFileType = text; path = grid_icon.svg; sourceTree = "<group>"; };
		87B4FD9521C4F8D300956562 /* UIButton.swift */ = {isa = PBXFileReference; lastKnownFileType = sourcecode.swift; path = UIButton.swift; sourceTree = "<group>"; };
		87B4FD9B21C526BE00956562 /* CalcGameViewController.swift */ = {isa = PBXFileReference; lastKnownFileType = sourcecode.swift; path = CalcGameViewController.swift; sourceTree = "<group>"; };
		87B4FD9D21C526D400956562 /* GridGameViewController.swift */ = {isa = PBXFileReference; lastKnownFileType = sourcecode.swift; path = GridGameViewController.swift; sourceTree = "<group>"; };
		87BC504A21C3230D000B3134 /* nBack.app */ = {isa = PBXFileReference; explicitFileType = wrapper.application; includeInIndex = 0; path = nBack.app; sourceTree = BUILT_PRODUCTS_DIR; };
		87BC504D21C3230D000B3134 /* AppDelegate.swift */ = {isa = PBXFileReference; lastKnownFileType = sourcecode.swift; path = AppDelegate.swift; sourceTree = "<group>"; };
		87BC505221C3230D000B3134 /* Base */ = {isa = PBXFileReference; lastKnownFileType = file.storyboard; name = Base; path = Base.lproj/Main.storyboard; sourceTree = "<group>"; };
		87BC505421C3230E000B3134 /* Assets.xcassets */ = {isa = PBXFileReference; lastKnownFileType = folder.assetcatalog; path = Assets.xcassets; sourceTree = "<group>"; };
		87BC505721C3230E000B3134 /* Base */ = {isa = PBXFileReference; lastKnownFileType = file.storyboard; name = Base; path = Base.lproj/LaunchScreen.storyboard; sourceTree = "<group>"; };
		87BC505921C3230E000B3134 /* Info.plist */ = {isa = PBXFileReference; lastKnownFileType = text.plist.xml; path = Info.plist; sourceTree = "<group>"; };
		87BC506121C323AF000B3134 /* three.min.js */ = {isa = PBXFileReference; fileEncoding = 4; lastKnownFileType = sourcecode.javascript; path = three.min.js; sourceTree = "<group>"; };
		87BC506321C323AF000B3134 /* index.js */ = {isa = PBXFileReference; fileEncoding = 4; lastKnownFileType = sourcecode.javascript; path = index.js; sourceTree = "<group>"; };
		87BC506521C323B0000B3134 /* poly.html */ = {isa = PBXFileReference; fileEncoding = 4; lastKnownFileType = text.html; path = poly.html; sourceTree = "<group>"; };
		87BC506A21C32467000B3134 /* RootViewController.swift */ = {isa = PBXFileReference; lastKnownFileType = sourcecode.swift; path = RootViewController.swift; sourceTree = "<group>"; };
		87BC509E21C3D2BA000B3134 /* TutorialViewController.swift */ = {isa = PBXFileReference; lastKnownFileType = sourcecode.swift; path = TutorialViewController.swift; sourceTree = "<group>"; };
		87BC50A121C3E225000B3134 /* UIColor.swift */ = {isa = PBXFileReference; lastKnownFileType = sourcecode.swift; path = UIColor.swift; sourceTree = "<group>"; };
		87F7B50621CE4A3D00AA18FF /* NPad.swift */ = {isa = PBXFileReference; lastKnownFileType = sourcecode.swift; path = NPad.swift; sourceTree = "<group>"; };
		87F7B51D21CFA4D500AA18FF /* Base */ = {isa = PBXFileReference; lastKnownFileType = text.plist.strings; name = Base; path = Localizable.strings; sourceTree = "<group>"; };
		87F7B52021CFA4E200AA18FF /* ja */ = {isa = PBXFileReference; lastKnownFileType = text.plist.strings; name = ja; path = Localizable.strings; sourceTree = "<group>"; };
		87F7B52521CFE5BF00AA18FF /* nBack-Bridging-Header.h */ = {isa = PBXFileReference; lastKnownFileType = sourcecode.c.h; path = "nBack-Bridging-Header.h"; sourceTree = "<group>"; };
		87F7B52721CFE7A600AA18FF /* materialCountDown.json */ = {isa = PBXFileReference; fileEncoding = 4; lastKnownFileType = text.json; path = materialCountDown.json; sourceTree = "<group>"; };
		87F7B52F21CFFB0000AA18FF /* dottedLoading.json */ = {isa = PBXFileReference; fileEncoding = 4; lastKnownFileType = text.json; path = dottedLoading.json; sourceTree = "<group>"; };
		87F7B53121D00C0100AA18FF /* wrong.json */ = {isa = PBXFileReference; fileEncoding = 4; lastKnownFileType = text.json; path = wrong.json; sourceTree = "<group>"; };
		87F7B53321D00C2500AA18FF /* correct.json */ = {isa = PBXFileReference; fileEncoding = 4; lastKnownFileType = text.json; path = correct.json; sourceTree = "<group>"; };
		87F7B53721D0AE5D00AA18FF /* fabulousLike.json */ = {isa = PBXFileReference; fileEncoding = 4; lastKnownFileType = text.json; path = fabulousLike.json; sourceTree = "<group>"; };
		87F7B53B21D0B31300AA18FF /* clap.json */ = {isa = PBXFileReference; fileEncoding = 4; lastKnownFileType = text.json; path = clap.json; sourceTree = "<group>"; };
		87F7B53D21D0D67F00AA18FF /* closeX_icon.svg */ = {isa = PBXFileReference; fileEncoding = 4; lastKnownFileType = text; path = closeX_icon.svg; sourceTree = "<group>"; };
		BDD29C01F4BFB139215DAD2F /* Pods-nBack.debug.xcconfig */ = {isa = PBXFileReference; includeInIndex = 1; lastKnownFileType = text.xcconfig; name = "Pods-nBack.debug.xcconfig"; path = "Pods/Target Support Files/Pods-nBack/Pods-nBack.debug.xcconfig"; sourceTree = "<group>"; };
/* End PBXFileReference section */

/* Begin PBXFrameworksBuildPhase section */
		87BC504721C3230D000B3134 /* Frameworks */ = {
			isa = PBXFrameworksBuildPhase;
			buildActionMask = 2147483647;
			files = (
				9E03F3860DDAA1DE29B54BE7 /* Pods_nBack.framework in Frameworks */,
			);
			runOnlyForDeploymentPostprocessing = 0;
		};
/* End PBXFrameworksBuildPhase section */

/* Begin PBXGroup section */
		551FEE707D2C57C7CA0C8D82 /* Pods */ = {
			isa = PBXGroup;
			children = (
				BDD29C01F4BFB139215DAD2F /* Pods-nBack.debug.xcconfig */,
				16158A49AE9C4DC5D7C342AA /* Pods-nBack.release.xcconfig */,
			);
			name = Pods;
			sourceTree = "<group>";
		};
		8724B4A721D1086800724303 /* models */ = {
			isa = PBXGroup;
			children = (
				8724B4A821D108A800724303 /* calcData.swift */,
			);
			path = models;
			sourceTree = "<group>";
		};
		87578D9221CB31E300F76F54 /* views */ = {
			isa = PBXGroup;
			children = (
				87578D9321CB320800F76F54 /* LaunchView.swift */,
			);
			path = views;
			sourceTree = "<group>";
		};
		87B4FD8C21C40ACD00956562 /* assets */ = {
			isa = PBXGroup;
			children = (
				87B4FD8D21C40AD400956562 /* svg */,
			);
			path = assets;
			sourceTree = "<group>";
		};
		87B4FD8D21C40AD400956562 /* svg */ = {
			isa = PBXGroup;
			children = (
				87F7B53D21D0D67F00AA18FF /* closeX_icon.svg */,
				87B4FD8E21C40ADE00956562 /* calc_icon.svg */,
				87B4FD9221C49B1900956562 /* grid_icon.svg */,
			);
			path = svg;
			sourceTree = "<group>";
		};
		87B4FD9A21C5268C00956562 /* game */ = {
			isa = PBXGroup;
			children = (
				87B4FD9B21C526BE00956562 /* CalcGameViewController.swift */,
				87B4FD9D21C526D400956562 /* GridGameViewController.swift */,
			);
			path = game;
			sourceTree = "<group>";
		};
		87BC504121C3230D000B3134 = {
			isa = PBXGroup;
			children = (
				87BC504C21C3230D000B3134 /* nBack */,
				87BC504B21C3230D000B3134 /* Products */,
				551FEE707D2C57C7CA0C8D82 /* Pods */,
				E790389440E533A242AA951C /* Frameworks */,
			);
			sourceTree = "<group>";
		};
		87BC504B21C3230D000B3134 /* Products */ = {
			isa = PBXGroup;
			children = (
				87BC504A21C3230D000B3134 /* nBack.app */,
			);
			name = Products;
			sourceTree = "<group>";
		};
		87BC504C21C3230D000B3134 /* nBack */ = {
			isa = PBXGroup;
			children = (
				8724B4A721D1086800724303 /* models */,
				87F7B52621CFE78E00AA18FF /* animations */,
				87F7B50A21CFA36700AA18FF /* Base.lproj */,
				87F7B50F21CFA36700AA18FF /* ja.lproj */,
				87578D9221CB31E300F76F54 /* views */,
				87B4FD8C21C40ACD00956562 /* assets */,
				87BC50A021C3E1FD000B3134 /* utils */,
				87BC509B21C3CFAB000B3134 /* viewcontrollers */,
				87BC505F21C3237E000B3134 /* html */,
				87BC504D21C3230D000B3134 /* AppDelegate.swift */,
				87BC505121C3230D000B3134 /* Main.storyboard */,
				87BC505421C3230E000B3134 /* Assets.xcassets */,
				87BC505621C3230E000B3134 /* LaunchScreen.storyboard */,
				87BC505921C3230E000B3134 /* Info.plist */,
				87F7B52521CFE5BF00AA18FF /* nBack-Bridging-Header.h */,
			);
			path = nBack;
			sourceTree = "<group>";
		};
		87BC505F21C3237E000B3134 /* html */ = {
			isa = PBXGroup;
			children = (
				87BC506021C323AF000B3134 /* lib */,
				87BC506521C323B0000B3134 /* poly.html */,
				87BC506221C323AF000B3134 /* src */,
			);
			path = html;
			sourceTree = "<group>";
		};
		87BC506021C323AF000B3134 /* lib */ = {
			isa = PBXGroup;
			children = (
				87BC506121C323AF000B3134 /* three.min.js */,
			);
			path = lib;
			sourceTree = "<group>";
		};
		87BC506221C323AF000B3134 /* src */ = {
			isa = PBXGroup;
			children = (
				87BC506321C323AF000B3134 /* index.js */,
			);
			path = src;
			sourceTree = "<group>";
		};
		87BC509B21C3CFAB000B3134 /* viewcontrollers */ = {
			isa = PBXGroup;
			children = (
				87B4FD9A21C5268C00956562 /* game */,
				87BC506A21C32467000B3134 /* RootViewController.swift */,
				87BC509E21C3D2BA000B3134 /* TutorialViewController.swift */,
			);
			path = viewcontrollers;
			sourceTree = "<group>";
		};
		87BC50A021C3E1FD000B3134 /* utils */ = {
			isa = PBXGroup;
			children = (
				87BC50A121C3E225000B3134 /* UIColor.swift */,
				87B4FD9021C40D9100956562 /* UIImage.swift */,
				87B4FD9521C4F8D300956562 /* UIButton.swift */,
				87F7B50621CE4A3D00AA18FF /* NPad.swift */,
			);
			path = utils;
			sourceTree = "<group>";
		};
		87F7B50A21CFA36700AA18FF /* Base.lproj */ = {
			isa = PBXGroup;
			children = (
				87F7B51C21CFA4D500AA18FF /* Localizable.strings */,
			);
			path = Base.lproj;
			sourceTree = "<group>";
		};
		87F7B50F21CFA36700AA18FF /* ja.lproj */ = {
			isa = PBXGroup;
			children = (
				87F7B51F21CFA4E200AA18FF /* Localizable.strings */,
			);
			path = ja.lproj;
			sourceTree = "<group>";
		};
		87F7B52621CFE78E00AA18FF /* animations */ = {
			isa = PBXGroup;
			children = (
				87F7B53B21D0B31300AA18FF /* clap.json */,
				87F7B52F21CFFB0000AA18FF /* dottedLoading.json */,
				87F7B53721D0AE5D00AA18FF /* fabulousLike.json */,
				87F7B53321D00C2500AA18FF /* correct.json */,
				87F7B53121D00C0100AA18FF /* wrong.json */,
				87F7B52721CFE7A600AA18FF /* materialCountDown.json */,
			);
			path = animations;
			sourceTree = "<group>";
		};
		E790389440E533A242AA951C /* Frameworks */ = {
			isa = PBXGroup;
			children = (
				62654F7A64B3DFD1D002597C /* Pods_nBack.framework */,
			);
			name = Frameworks;
			sourceTree = "<group>";
		};
/* End PBXGroup section */

/* Begin PBXNativeTarget section */
		87BC504921C3230D000B3134 /* nBack */ = {
			isa = PBXNativeTarget;
			buildConfigurationList = 87BC505C21C3230E000B3134 /* Build configuration list for PBXNativeTarget "nBack" */;
			buildPhases = (
				6A121434F93F148ACA2F2F2F /* [CP] Check Pods Manifest.lock */,
				87BC504621C3230D000B3134 /* Sources */,
				87BC504721C3230D000B3134 /* Frameworks */,
				87BC504821C3230D000B3134 /* Resources */,
				5AC157A2180DE81360A11C93 /* [CP] Embed Pods Frameworks */,
			);
			buildRules = (
			);
			dependencies = (
			);
			name = nBack;
			productName = nBack;
			productReference = 87BC504A21C3230D000B3134 /* nBack.app */;
			productType = "com.apple.product-type.application";
		};
/* End PBXNativeTarget section */

/* Begin PBXProject section */
		87BC504221C3230D000B3134 /* Project object */ = {
			isa = PBXProject;
			attributes = {
				LastSwiftUpdateCheck = 1010;
				LastUpgradeCheck = 1010;
				ORGANIZATIONNAME = amagrammer;
				TargetAttributes = {
					87BC504921C3230D000B3134 = {
						CreatedOnToolsVersion = 10.1;
					};
				};
			};
			buildConfigurationList = 87BC504521C3230D000B3134 /* Build configuration list for PBXProject "nBack" */;
			compatibilityVersion = "Xcode 9.3";
			developmentRegion = en;
			hasScannedForEncodings = 0;
			knownRegions = (
				en,
				Base,
				ja,
			);
			mainGroup = 87BC504121C3230D000B3134;
			productRefGroup = 87BC504B21C3230D000B3134 /* Products */;
			projectDirPath = "";
			projectRoot = "";
			targets = (
				87BC504921C3230D000B3134 /* nBack */,
			);
		};
/* End PBXProject section */

/* Begin PBXResourcesBuildPhase section */
		87BC504821C3230D000B3134 /* Resources */ = {
			isa = PBXResourcesBuildPhase;
			buildActionMask = 2147483647;
			files = (
				87F7B52821CFE7A600AA18FF /* materialCountDown.json in Resources */,
				87F7B52121CFA4E200AA18FF /* Localizable.strings in Resources */,
				87F7B51E21CFA4D500AA18FF /* Localizable.strings in Resources */,
				87F7B53E21D0D67F00AA18FF /* closeX_icon.svg in Resources */,
				87BC506721C323B0000B3134 /* index.js in Resources */,
				87F7B53021CFFB0000AA18FF /* dottedLoading.json in Resources */,
				87BC505821C3230E000B3134 /* LaunchScreen.storyboard in Resources */,
				87BC506921C323B0000B3134 /* poly.html in Resources */,
				87F7B53C21D0B31300AA18FF /* clap.json in Resources */,
				87BC506621C323B0000B3134 /* three.min.js in Resources */,
				87F7B53421D00C2500AA18FF /* correct.json in Resources */,
				87B4FD9321C49B1900956562 /* grid_icon.svg in Resources */,
				87BC505521C3230E000B3134 /* Assets.xcassets in Resources */,
				87B4FD8F21C40ADE00956562 /* calc_icon.svg in Resources */,
				87F7B53221D00C0100AA18FF /* wrong.json in Resources */,
				87BC505321C3230D000B3134 /* Main.storyboard in Resources */,
				87F7B53821D0AE5D00AA18FF /* fabulousLike.json in Resources */,
			);
			runOnlyForDeploymentPostprocessing = 0;
		};
/* End PBXResourcesBuildPhase section */

/* Begin PBXShellScriptBuildPhase section */
		5AC157A2180DE81360A11C93 /* [CP] Embed Pods Frameworks */ = {
			isa = PBXShellScriptBuildPhase;
			buildActionMask = 2147483647;
			files = (
			);
			inputFileListPaths = (
			);
			inputPaths = (
				"${SRCROOT}/Pods/Target Support Files/Pods-nBack/Pods-nBack-frameworks.sh",
				"${BUILT_PRODUCTS_DIR}/CDAlertView/CDAlertView.framework",
				"${BUILT_PRODUCTS_DIR}/CocoaLumberjack/CocoaLumberjack.framework",
				"${BUILT_PRODUCTS_DIR}/IBAnimatable/IBAnimatable.framework",
				"${BUILT_PRODUCTS_DIR}/LTMorphingLabel/LTMorphingLabel.framework",
				"${BUILT_PRODUCTS_DIR}/Material/Material.framework",
				"${BUILT_PRODUCTS_DIR}/Motion/Motion.framework",
				"${BUILT_PRODUCTS_DIR}/NumPad/NumPad.framework",
				"${BUILT_PRODUCTS_DIR}/Realm/Realm.framework",
				"${BUILT_PRODUCTS_DIR}/RealmSwift/RealmSwift.framework",
				"${BUILT_PRODUCTS_DIR}/RxAtomic/RxAtomic.framework",
				"${BUILT_PRODUCTS_DIR}/RxCocoa/RxCocoa.framework",
				"${BUILT_PRODUCTS_DIR}/RxSwift/RxSwift.framework",
				"${BUILT_PRODUCTS_DIR}/SVGKit/SVGKit.framework",
				"${BUILT_PRODUCTS_DIR}/fluid-slider/fluid_slider.framework",
				"${BUILT_PRODUCTS_DIR}/lottie-ios/Lottie.framework",
				"${BUILT_PRODUCTS_DIR}/paper-onboarding/paper_onboarding.framework",
				"${BUILT_PRODUCTS_DIR}/pop/pop.framework",
			);
			name = "[CP] Embed Pods Frameworks";
			outputFileListPaths = (
			);
			outputPaths = (
				"${TARGET_BUILD_DIR}/${FRAMEWORKS_FOLDER_PATH}/CDAlertView.framework",
				"${TARGET_BUILD_DIR}/${FRAMEWORKS_FOLDER_PATH}/CocoaLumberjack.framework",
				"${TARGET_BUILD_DIR}/${FRAMEWORKS_FOLDER_PATH}/IBAnimatable.framework",
				"${TARGET_BUILD_DIR}/${FRAMEWORKS_FOLDER_PATH}/LTMorphingLabel.framework",
				"${TARGET_BUILD_DIR}/${FRAMEWORKS_FOLDER_PATH}/Material.framework",
				"${TARGET_BUILD_DIR}/${FRAMEWORKS_FOLDER_PATH}/Motion.framework",
				"${TARGET_BUILD_DIR}/${FRAMEWORKS_FOLDER_PATH}/NumPad.framework",
				"${TARGET_BUILD_DIR}/${FRAMEWORKS_FOLDER_PATH}/Realm.framework",
				"${TARGET_BUILD_DIR}/${FRAMEWORKS_FOLDER_PATH}/RealmSwift.framework",
				"${TARGET_BUILD_DIR}/${FRAMEWORKS_FOLDER_PATH}/RxAtomic.framework",
				"${TARGET_BUILD_DIR}/${FRAMEWORKS_FOLDER_PATH}/RxCocoa.framework",
				"${TARGET_BUILD_DIR}/${FRAMEWORKS_FOLDER_PATH}/RxSwift.framework",
				"${TARGET_BUILD_DIR}/${FRAMEWORKS_FOLDER_PATH}/SVGKit.framework",
				"${TARGET_BUILD_DIR}/${FRAMEWORKS_FOLDER_PATH}/fluid_slider.framework",
				"${TARGET_BUILD_DIR}/${FRAMEWORKS_FOLDER_PATH}/Lottie.framework",
				"${TARGET_BUILD_DIR}/${FRAMEWORKS_FOLDER_PATH}/paper_onboarding.framework",
				"${TARGET_BUILD_DIR}/${FRAMEWORKS_FOLDER_PATH}/pop.framework",
			);
			runOnlyForDeploymentPostprocessing = 0;
			shellPath = /bin/sh;
			shellScript = "\"${SRCROOT}/Pods/Target Support Files/Pods-nBack/Pods-nBack-frameworks.sh\"\n";
			showEnvVarsInLog = 0;
		};
		6A121434F93F148ACA2F2F2F /* [CP] Check Pods Manifest.lock */ = {
			isa = PBXShellScriptBuildPhase;
			buildActionMask = 2147483647;
			files = (
			);
			inputFileListPaths = (
			);
			inputPaths = (
				"${PODS_PODFILE_DIR_PATH}/Podfile.lock",
				"${PODS_ROOT}/Manifest.lock",
			);
			name = "[CP] Check Pods Manifest.lock";
			outputFileListPaths = (
			);
			outputPaths = (
				"$(DERIVED_FILE_DIR)/Pods-nBack-checkManifestLockResult.txt",
			);
			runOnlyForDeploymentPostprocessing = 0;
			shellPath = /bin/sh;
			shellScript = "diff \"${PODS_PODFILE_DIR_PATH}/Podfile.lock\" \"${PODS_ROOT}/Manifest.lock\" > /dev/null\nif [ $? != 0 ] ; then\n    # print error to STDERR\n    echo \"error: The sandbox is not in sync with the Podfile.lock. Run 'pod install' or update your CocoaPods installation.\" >&2\n    exit 1\nfi\n# This output is used by Xcode 'outputs' to avoid re-running this script phase.\necho \"SUCCESS\" > \"${SCRIPT_OUTPUT_FILE_0}\"\n";
			showEnvVarsInLog = 0;
		};
/* End PBXShellScriptBuildPhase section */

/* Begin PBXSourcesBuildPhase section */
		87BC504621C3230D000B3134 /* Sources */ = {
			isa = PBXSourcesBuildPhase;
			buildActionMask = 2147483647;
			files = (
				87BC504E21C3230D000B3134 /* AppDelegate.swift in Sources */,
				87B4FD9C21C526BE00956562 /* CalcGameViewController.swift in Sources */,
				87B4FD9121C40D9100956562 /* UIImage.swift in Sources */,
				8724B4A921D108A800724303 /* calcData.swift in Sources */,
				87BC50A221C3E225000B3134 /* UIColor.swift in Sources */,
				87BC509F21C3D2BA000B3134 /* TutorialViewController.swift in Sources */,
				87BC506B21C32467000B3134 /* RootViewController.swift in Sources */,
				87B4FD9E21C526D400956562 /* GridGameViewController.swift in Sources */,
				87578D9421CB320800F76F54 /* LaunchView.swift in Sources */,
				87F7B50721CE4A3D00AA18FF /* NPad.swift in Sources */,
				87B4FD9621C4F8D300956562 /* UIButton.swift in Sources */,
			);
			runOnlyForDeploymentPostprocessing = 0;
		};
/* End PBXSourcesBuildPhase section */

/* Begin PBXVariantGroup section */
		87BC505121C3230D000B3134 /* Main.storyboard */ = {
			isa = PBXVariantGroup;
			children = (
				87BC505221C3230D000B3134 /* Base */,
			);
			name = Main.storyboard;
			sourceTree = "<group>";
		};
		87BC505621C3230E000B3134 /* LaunchScreen.storyboard */ = {
			isa = PBXVariantGroup;
			children = (
				87BC505721C3230E000B3134 /* Base */,
			);
			name = LaunchScreen.storyboard;
			sourceTree = "<group>";
		};
		87F7B51C21CFA4D500AA18FF /* Localizable.strings */ = {
			isa = PBXVariantGroup;
			children = (
				87F7B51D21CFA4D500AA18FF /* Base */,
			);
			name = Localizable.strings;
			sourceTree = "<group>";
		};
		87F7B51F21CFA4E200AA18FF /* Localizable.strings */ = {
			isa = PBXVariantGroup;
			children = (
				87F7B52021CFA4E200AA18FF /* ja */,
			);
			name = Localizable.strings;
			sourceTree = "<group>";
		};
/* End PBXVariantGroup section */

/* Begin XCBuildConfiguration section */
		87BC505A21C3230E000B3134 /* Debug */ = {
			isa = XCBuildConfiguration;
			buildSettings = {
				ALWAYS_SEARCH_USER_PATHS = NO;
				CLANG_ANALYZER_LOCALIZABILITY_NONLOCALIZED = YES;
				CLANG_ANALYZER_NONNULL = YES;
				CLANG_ANALYZER_NUMBER_OBJECT_CONVERSION = YES_AGGRESSIVE;
				CLANG_CXX_LANGUAGE_STANDARD = "gnu++14";
				CLANG_CXX_LIBRARY = "libc++";
				CLANG_ENABLE_MODULES = YES;
				CLANG_ENABLE_OBJC_ARC = YES;
				CLANG_ENABLE_OBJC_WEAK = YES;
				CLANG_WARN_BLOCK_CAPTURE_AUTORELEASING = YES;
				CLANG_WARN_BOOL_CONVERSION = YES;
				CLANG_WARN_COMMA = YES;
				CLANG_WARN_CONSTANT_CONVERSION = YES;
				CLANG_WARN_DEPRECATED_OBJC_IMPLEMENTATIONS = YES;
				CLANG_WARN_DIRECT_OBJC_ISA_USAGE = YES_ERROR;
				CLANG_WARN_DOCUMENTATION_COMMENTS = YES;
				CLANG_WARN_EMPTY_BODY = YES;
				CLANG_WARN_ENUM_CONVERSION = YES;
				CLANG_WARN_INFINITE_RECURSION = YES;
				CLANG_WARN_INT_CONVERSION = YES;
				CLANG_WARN_NON_LITERAL_NULL_CONVERSION = YES;
				CLANG_WARN_OBJC_IMPLICIT_RETAIN_SELF = YES;
				CLANG_WARN_OBJC_LITERAL_CONVERSION = YES;
				CLANG_WARN_OBJC_ROOT_CLASS = YES_ERROR;
				CLANG_WARN_RANGE_LOOP_ANALYSIS = YES;
				CLANG_WARN_STRICT_PROTOTYPES = YES;
				CLANG_WARN_SUSPICIOUS_MOVE = YES;
				CLANG_WARN_UNGUARDED_AVAILABILITY = YES_AGGRESSIVE;
				CLANG_WARN_UNREACHABLE_CODE = YES;
				CLANG_WARN__DUPLICATE_METHOD_MATCH = YES;
				CODE_SIGN_IDENTITY = "iPhone Developer";
				COPY_PHASE_STRIP = NO;
				DEBUG_INFORMATION_FORMAT = dwarf;
				ENABLE_STRICT_OBJC_MSGSEND = YES;
				ENABLE_TESTABILITY = YES;
				GCC_C_LANGUAGE_STANDARD = gnu11;
				GCC_DYNAMIC_NO_PIC = NO;
				GCC_NO_COMMON_BLOCKS = YES;
				GCC_OPTIMIZATION_LEVEL = 0;
				GCC_PREPROCESSOR_DEFINITIONS = (
					"DEBUG=1",
					"$(inherited)",
				);
				GCC_WARN_64_TO_32_BIT_CONVERSION = YES;
				GCC_WARN_ABOUT_RETURN_TYPE = YES_ERROR;
				GCC_WARN_UNDECLARED_SELECTOR = YES;
				GCC_WARN_UNINITIALIZED_AUTOS = YES_AGGRESSIVE;
				GCC_WARN_UNUSED_FUNCTION = YES;
				GCC_WARN_UNUSED_VARIABLE = YES;
				IPHONEOS_DEPLOYMENT_TARGET = 10.0;
				MTL_ENABLE_DEBUG_INFO = INCLUDE_SOURCE;
				MTL_FAST_MATH = YES;
				ONLY_ACTIVE_ARCH = YES;
				SDKROOT = iphoneos;
				SWIFT_ACTIVE_COMPILATION_CONDITIONS = DEBUG;
				SWIFT_OPTIMIZATION_LEVEL = "-Onone";
			};
			name = Debug;
		};
		87BC505B21C3230E000B3134 /* Release */ = {
			isa = XCBuildConfiguration;
			buildSettings = {
				ALWAYS_SEARCH_USER_PATHS = NO;
				CLANG_ANALYZER_LOCALIZABILITY_NONLOCALIZED = YES;
				CLANG_ANALYZER_NONNULL = YES;
				CLANG_ANALYZER_NUMBER_OBJECT_CONVERSION = YES_AGGRESSIVE;
				CLANG_CXX_LANGUAGE_STANDARD = "gnu++14";
				CLANG_CXX_LIBRARY = "libc++";
				CLANG_ENABLE_MODULES = YES;
				CLANG_ENABLE_OBJC_ARC = YES;
				CLANG_ENABLE_OBJC_WEAK = YES;
				CLANG_WARN_BLOCK_CAPTURE_AUTORELEASING = YES;
				CLANG_WARN_BOOL_CONVERSION = YES;
				CLANG_WARN_COMMA = YES;
				CLANG_WARN_CONSTANT_CONVERSION = YES;
				CLANG_WARN_DEPRECATED_OBJC_IMPLEMENTATIONS = YES;
				CLANG_WARN_DIRECT_OBJC_ISA_USAGE = YES_ERROR;
				CLANG_WARN_DOCUMENTATION_COMMENTS = YES;
				CLANG_WARN_EMPTY_BODY = YES;
				CLANG_WARN_ENUM_CONVERSION = YES;
				CLANG_WARN_INFINITE_RECURSION = YES;
				CLANG_WARN_INT_CONVERSION = YES;
				CLANG_WARN_NON_LITERAL_NULL_CONVERSION = YES;
				CLANG_WARN_OBJC_IMPLICIT_RETAIN_SELF = YES;
				CLANG_WARN_OBJC_LITERAL_CONVERSION = YES;
				CLANG_WARN_OBJC_ROOT_CLASS = YES_ERROR;
				CLANG_WARN_RANGE_LOOP_ANALYSIS = YES;
				CLANG_WARN_STRICT_PROTOTYPES = YES;
				CLANG_WARN_SUSPICIOUS_MOVE = YES;
				CLANG_WARN_UNGUARDED_AVAILABILITY = YES_AGGRESSIVE;
				CLANG_WARN_UNREACHABLE_CODE = YES;
				CLANG_WARN__DUPLICATE_METHOD_MATCH = YES;
				CODE_SIGN_IDENTITY = "iPhone Developer";
				COPY_PHASE_STRIP = NO;
				DEBUG_INFORMATION_FORMAT = "dwarf-with-dsym";
				ENABLE_NS_ASSERTIONS = NO;
				ENABLE_STRICT_OBJC_MSGSEND = YES;
				GCC_C_LANGUAGE_STANDARD = gnu11;
				GCC_NO_COMMON_BLOCKS = YES;
				GCC_WARN_64_TO_32_BIT_CONVERSION = YES;
				GCC_WARN_ABOUT_RETURN_TYPE = YES_ERROR;
				GCC_WARN_UNDECLARED_SELECTOR = YES;
				GCC_WARN_UNINITIALIZED_AUTOS = YES_AGGRESSIVE;
				GCC_WARN_UNUSED_FUNCTION = YES;
				GCC_WARN_UNUSED_VARIABLE = YES;
				IPHONEOS_DEPLOYMENT_TARGET = 10.0;
				MTL_ENABLE_DEBUG_INFO = NO;
				MTL_FAST_MATH = YES;
				SDKROOT = iphoneos;
				SWIFT_COMPILATION_MODE = wholemodule;
				SWIFT_OPTIMIZATION_LEVEL = "-O";
				VALIDATE_PRODUCT = YES;
			};
			name = Release;
		};
		87BC505D21C3230E000B3134 /* Debug */ = {
			isa = XCBuildConfiguration;
			baseConfigurationReference = BDD29C01F4BFB139215DAD2F /* Pods-nBack.debug.xcconfig */;
			buildSettings = {
				ASSETCATALOG_COMPILER_APPICON_NAME = AppIcon;
				CODE_SIGN_STYLE = Automatic;
				DEVELOPMENT_TEAM = 68DJPNEHBE;
				INFOPLIST_FILE = nBack/Info.plist;
				IPHONEOS_DEPLOYMENT_TARGET = 11.0;
				LD_RUNPATH_SEARCH_PATHS = (
					"$(inherited)",
					"@executable_path/Frameworks",
				);
				PRODUCT_BUNDLE_IDENTIFIER = jp.amagrammer.nBack;
				PRODUCT_NAME = "$(TARGET_NAME)";
				SWIFT_OBJC_BRIDGING_HEADER = "nBack/nBack-Bridging-Header.h";
				SWIFT_VERSION = 4.2;
				TARGETED_DEVICE_FAMILY = 1;
			};
			name = Debug;
		};
		87BC505E21C3230E000B3134 /* Release */ = {
			isa = XCBuildConfiguration;
			baseConfigurationReference = 16158A49AE9C4DC5D7C342AA /* Pods-nBack.release.xcconfig */;
			buildSettings = {
				ASSETCATALOG_COMPILER_APPICON_NAME = AppIcon;
				CODE_SIGN_STYLE = Automatic;
				DEVELOPMENT_TEAM = 68DJPNEHBE;
				INFOPLIST_FILE = nBack/Info.plist;
				IPHONEOS_DEPLOYMENT_TARGET = 11.0;
				LD_RUNPATH_SEARCH_PATHS = (
					"$(inherited)",
					"@executable_path/Frameworks",
				);
				PRODUCT_BUNDLE_IDENTIFIER = jp.amagrammer.nBack;
				PRODUCT_NAME = "$(TARGET_NAME)";
				SWIFT_OBJC_BRIDGING_HEADER = "nBack/nBack-Bridging-Header.h";
				SWIFT_VERSION = 4.2;
				TARGETED_DEVICE_FAMILY = 1;
			};
			name = Release;
		};
/* End XCBuildConfiguration section */

/* Begin XCConfigurationList section */
		87BC504521C3230D000B3134 /* Build configuration list for PBXProject "nBack" */ = {
			isa = XCConfigurationList;
			buildConfigurations = (
				87BC505A21C3230E000B3134 /* Debug */,
				87BC505B21C3230E000B3134 /* Release */,
			);
			defaultConfigurationIsVisible = 0;
			defaultConfigurationName = Release;
		};
		87BC505C21C3230E000B3134 /* Build configuration list for PBXNativeTarget "nBack" */ = {
			isa = XCConfigurationList;
			buildConfigurations = (
				87BC505D21C3230E000B3134 /* Debug */,
				87BC505E21C3230E000B3134 /* Release */,
			);
			defaultConfigurationIsVisible = 0;
			defaultConfigurationName = Release;
		};
/* End XCConfigurationList section */
	};
	rootObject = 87BC504221C3230D000B3134 /* Project object */;
}
